
Microsoft Visual Studio Solution File, Format Version 12.00
# Visual Studio Version 17
VisualStudioVersion = 17.9.34728.123
MinimumVisualStudioVersion = 10.0.40219.1
Project("{9A19103F-16F7-4668-BE54-9A1E7A4F7556}") = "LuxPakierna.Api", "LuxPakierna.Api\LuxPakierna.Api.csproj", "{EA3DC48F-F62B-4011-BC27-CE5E6F7E5687}"
EndProject
Project("{9A19103F-16F7-4668-BE54-9A1E7A4F7556}") = "LuxPakiernia.Infrastructure", "LuxPakiernia.Infrastructure\LuxPakiernia.Infrastructure.csproj", "{45CD3CF3-1702-46ED-B108-D3AF3DDA4F95}"
EndProject
Project("{9A19103F-16F7-4668-BE54-9A1E7A4F7556}") = "LuxPakiernia.Domain", "LuxPakiernia.Domain\LuxPakiernia.Domain.csproj", "{9A3E2C67-BD12-4098-B94B-DCA33CDA6882}"
EndProject
Project("{9A19103F-16F7-4668-BE54-9A1E7A4F7556}") = "LuxPakiernia.Application", "LuxPakiernia.Application\LuxPakiernia.Application.csproj", "{7D03B669-7C20-421A-8A44-F31903BF0DEF}"
EndProject
Global
	GlobalSection(SolutionConfigurationPlatforms) = preSolution
		Debug|Any CPU = Debug|Any CPU
		Release|Any CPU = Release|Any CPU
	EndGlobalSection
	GlobalSection(ProjectConfigurationPlatforms) = postSolution
		{EA3DC48F-F62B-4011-BC27-CE5E6F7E5687}.Debug|Any CPU.ActiveCfg = Debug|Any CPU
		{EA3DC48F-F62B-4011-BC27-CE5E6F7E5687}.Debug|Any CPU.Build.0 = Debug|Any CPU
		{EA3DC48F-F62B-4011-BC27-CE5E6F7E5687}.Release|Any CPU.ActiveCfg = Release|Any CPU
		{EA3DC48F-F62B-4011-BC27-CE5E6F7E5687}.Release|Any CPU.Build.0 = Release|Any CPU
		{45CD3CF3-1702-46ED-B108-D3AF3DDA4F95}.Debug|Any CPU.ActiveCfg = Debug|Any CPU
		{45CD3CF3-1702-46ED-B108-D3AF3DDA4F95}.Debug|Any CPU.Build.0 = Debug|Any CPU
		{45CD3CF3-1702-46ED-B108-D3AF3DDA4F95}.Release|Any CPU.ActiveCfg = Release|Any CPU
		{45CD3CF3-1702-46ED-B108-D3AF3DDA4F95}.Release|Any CPU.Build.0 = Release|Any CPU
		{9A3E2C67-BD12-4098-B94B-DCA33CDA6882}.Debug|Any CPU.ActiveCfg = Debug|Any CPU
		{9A3E2C67-BD12-4098-B94B-DCA33CDA6882}.Debug|Any CPU.Build.0 = Debug|Any CPU
		{9A3E2C67-BD12-4098-B94B-DCA33CDA6882}.Release|Any CPU.ActiveCfg = Release|Any CPU
		{9A3E2C67-BD12-4098-B94B-DCA33CDA6882}.Release|Any CPU.Build.0 = Release|Any CPU
		{7D03B669-7C20-421A-8A44-F31903BF0DEF}.Debug|Any CPU.ActiveCfg = Debug|Any CPU
		{7D03B669-7C20-421A-8A44-F31903BF0DEF}.Debug|Any CPU.Build.0 = Debug|Any CPU
		{7D03B669-7C20-421A-8A44-F31903BF0DEF}.Release|Any CPU.ActiveCfg = Release|Any CPU
		{7D03B669-7C20-421A-8A44-F31903BF0DEF}.Release|Any CPU.Build.0 = Release|Any CPU
	EndGlobalSection
	GlobalSection(SolutionProperties) = preSolution
		HideSolutionNode = FALSE
	EndGlobalSection
	GlobalSection(ExtensibilityGlobals) = postSolution
		SolutionGuid = {C51004B0-2385-418F-BB22-E8E6C6140D7C}
	EndGlobalSection
EndGlobal
